
Microsoft Visual Studio Solution File, Format Version 12.00
# Visual Studio Version 16
VisualStudioVersion = 16.0.31105.61
MinimumVisualStudioVersion = 10.0.40219.1
Project("{FAE04EC0-301F-11D3-BF4B-00C04F79EFBC}") = "ProductReading", "ProductReading\ProductReading.csproj", "{BC3E0BB5-AC31-4DC4-AF28-E3C83AAFA5FE}"
EndProject
Global
	GlobalSection(SolutionConfigurationPlatforms) = preSolution
		Debug|Any CPU = Debug|Any CPU
		Release|Any CPU = Release|Any CPU
	EndGlobalSection
	GlobalSection(ProjectConfigurationPlatforms) = postSolution
		{BC3E0BB5-AC31-4DC4-AF28-E3C83AAFA5FE}.Debug|Any CPU.ActiveCfg = Debug|Any CPU
		{BC3E0BB5-AC31-4DC4-AF28-E3C83AAFA5FE}.Debug|Any CPU.Build.0 = Debug|Any CPU
		{BC3E0BB5-AC31-4DC4-AF28-E3C83AAFA5FE}.Release|Any CPU.ActiveCfg = Release|Any CPU
		{BC3E0BB5-AC31-4DC4-AF28-E3C83AAFA5FE}.Release|Any CPU.Build.0 = Release|Any CPU
	EndGlobalSection
	GlobalSection(SolutionProperties) = preSolution
		HideSolutionNode = FALSE
	EndGlobalSection
	GlobalSection(ExtensibilityGlobals) = postSolution
		SolutionGuid = {1C82A2C8-56D5-4865-929D-91627778D68D}
	EndGlobalSection
EndGlobal
